
Microsoft Visual Studio Solution File, Format Version 12.00
# Visual Studio Version 17
VisualStudioVersion = 17.2.32630.192
MinimumVisualStudioVersion = 10.0.40219.1
Project("{9A19103F-16F7-4668-BE54-9A1E7A4F7556}") = "WeekMap", "WeekMap.BackEnd.ASP.NET\WeekMap.csproj", "{CA563F6C-417A-4AE3-85B0-CC043C737D94}"
EndProject
Project("{9A19103F-16F7-4668-BE54-9A1E7A4F7556}") = "XUnitTests", "WeekMap.BackEndTests.C#XUNIT\XUnitTests.csproj", "{46FB2EE3-AC58-42B5-9B60-AAE186C38826}"
EndProject
Global
	GlobalSection(SolutionConfigurationPlatforms) = preSolution
		Debug|Any CPU = Debug|Any CPU
		Release|Any CPU = Release|Any CPU
	EndGlobalSection
	GlobalSection(ProjectConfigurationPlatforms) = postSolution
		{CA563F6C-417A-4AE3-85B0-CC043C737D94}.Debug|Any CPU.ActiveCfg = Debug|Any CPU
		{CA563F6C-417A-4AE3-85B0-CC043C737D94}.Debug|Any CPU.Build.0 = Debug|Any CPU
		{CA563F6C-417A-4AE3-85B0-CC043C737D94}.Release|Any CPU.ActiveCfg = Release|Any CPU
		{CA563F6C-417A-4AE3-85B0-CC043C737D94}.Release|Any CPU.Build.0 = Release|Any CPU
		{46FB2EE3-AC58-42B5-9B60-AAE186C38826}.Debug|Any CPU.ActiveCfg = Debug|Any CPU
		{46FB2EE3-AC58-42B5-9B60-AAE186C38826}.Debug|Any CPU.Build.0 = Debug|Any CPU
		{46FB2EE3-AC58-42B5-9B60-AAE186C38826}.Release|Any CPU.ActiveCfg = Release|Any CPU
		{46FB2EE3-AC58-42B5-9B60-AAE186C38826}.Release|Any CPU.Build.0 = Release|Any CPU
	EndGlobalSection
	GlobalSection(SolutionProperties) = preSolution
		HideSolutionNode = FALSE
	EndGlobalSection
	GlobalSection(ExtensibilityGlobals) = postSolution
		SolutionGuid = {CF3D071C-8925-49B2-8B18-224970CD63E3}
	EndGlobalSection
EndGlobal
